
Microsoft Visual Studio Solution File, Format Version 12.00
# Visual Studio Version 16
VisualStudioVersion = 16.0.30011.22
MinimumVisualStudioVersion = 10.0.40219.1
Project("{FAE04EC0-301F-11D3-BF4B-00C04F79EFBC}") = "NhaSachTrucTuyen", "NhaSachTrucTuyen\NhaSachTrucTuyen.csproj", "{5EA1FEE9-7032-429D-AC14-375FBCE54A62}"
EndProject
Global
	GlobalSection(SolutionConfigurationPlatforms) = preSolution
		Debug|Any CPU = Debug|Any CPU
		Release|Any CPU = Release|Any CPU
	EndGlobalSection
	GlobalSection(ProjectConfigurationPlatforms) = postSolution
		{5EA1FEE9-7032-429D-AC14-375FBCE54A62}.Debug|Any CPU.ActiveCfg = Debug|Any CPU
		{5EA1FEE9-7032-429D-AC14-375FBCE54A62}.Debug|Any CPU.Build.0 = Debug|Any CPU
		{5EA1FEE9-7032-429D-AC14-375FBCE54A62}.Release|Any CPU.ActiveCfg = Release|Any CPU
		{5EA1FEE9-7032-429D-AC14-375FBCE54A62}.Release|Any CPU.Build.0 = Release|Any CPU
	EndGlobalSection
	GlobalSection(SolutionProperties) = preSolution
		HideSolutionNode = FALSE
	EndGlobalSection
	GlobalSection(ExtensibilityGlobals) = postSolution
		SolutionGuid = {E958EB2D-8CD5-462A-9893-2D35A9313850}
	EndGlobalSection
EndGlobal
